// !$*UTF8*$!
{
	archiveVersion = 1;
	classes = {
	};
	objectVersion = 48;
	objects = {

/* Begin PBXBuildFile section */
		BB7F28BB20493344005DACC1 /* Live.storyboard in Resources */ = {isa = PBXBuildFile; fileRef = BB7F28BA20493344005DACC1 /* Live.storyboard */; };
		BB7F28C02049335F005DACC1 /* Profile.storyboard in Resources */ = {isa = PBXBuildFile; fileRef = BB7F28BF2049335F005DACC1 /* Profile.storyboard */; };
		BB7F28C22049398C005DACC1 /* MainViewController.swift in Sources */ = {isa = PBXBuildFile; fileRef = BB7F28C12049398C005DACC1 /* MainViewController.swift */; };
		BB7F28C720493F7E005DACC1 /* Home.storyboard in Resources */ = {isa = PBXBuildFile; fileRef = BB7F28C620493F7E005DACC1 /* Home.storyboard */; };
		BB7F28C920493FD8005DACC1 /* Follow.storyboard in Resources */ = {isa = PBXBuildFile; fileRef = BB7F28C820493FD8005DACC1 /* Follow.storyboard */; };
		BBB8E3AB20491FC700558576 /* AppDelegate.swift in Sources */ = {isa = PBXBuildFile; fileRef = BBB8E3AA20491FC700558576 /* AppDelegate.swift */; };
		BBB8E3B020491FC700558576 /* Main.storyboard in Resources */ = {isa = PBXBuildFile; fileRef = BBB8E3AE20491FC700558576 /* Main.storyboard */; };
		BBB8E3B220491FC700558576 /* Assets.xcassets in Resources */ = {isa = PBXBuildFile; fileRef = BBB8E3B120491FC700558576 /* Assets.xcassets */; };
		BBB8E3B520491FC700558576 /* LaunchScreen.storyboard in Resources */ = {isa = PBXBuildFile; fileRef = BBB8E3B320491FC700558576 /* LaunchScreen.storyboard */; };
/* End PBXBuildFile section */

/* Begin PBXFileReference section */
		BB7F28BA20493344005DACC1 /* Live.storyboard */ = {isa = PBXFileReference; fileEncoding = 4; lastKnownFileType = file.storyboard; path = Live.storyboard; sourceTree = "<group>"; };
		BB7F28BF2049335F005DACC1 /* Profile.storyboard */ = {isa = PBXFileReference; fileEncoding = 4; lastKnownFileType = file.storyboard; path = Profile.storyboard; sourceTree = "<group>"; };
		BB7F28C12049398C005DACC1 /* MainViewController.swift */ = {isa = PBXFileReference; lastKnownFileType = sourcecode.swift; path = MainViewController.swift; sourceTree = "<group>"; };
		BB7F28C620493F7E005DACC1 /* Home.storyboard */ = {isa = PBXFileReference; lastKnownFileType = file.storyboard; path = Home.storyboard; sourceTree = "<group>"; };
		BB7F28C820493FD8005DACC1 /* Follow.storyboard */ = {isa = PBXFileReference; lastKnownFileType = file.storyboard; path = Follow.storyboard; sourceTree = "<group>"; };
		BBB8E3A720491FC700558576 /* DY.app */ = {isa = PBXFileReference; explicitFileType = wrapper.application; includeInIndex = 0; path = DY.app; sourceTree = BUILT_PRODUCTS_DIR; };
		BBB8E3AA20491FC700558576 /* AppDelegate.swift */ = {isa = PBXFileReference; lastKnownFileType = sourcecode.swift; path = AppDelegate.swift; sourceTree = "<group>"; };
		BBB8E3AF20491FC700558576 /* Base */ = {isa = PBXFileReference; lastKnownFileType = file.storyboard; name = Base; path = Base.lproj/Main.storyboard; sourceTree = "<group>"; };
		BBB8E3B120491FC700558576 /* Assets.xcassets */ = {isa = PBXFileReference; lastKnownFileType = folder.assetcatalog; path = Assets.xcassets; sourceTree = "<group>"; };
		BBB8E3B420491FC700558576 /* Base */ = {isa = PBXFileReference; lastKnownFileType = file.storyboard; name = Base; path = Base.lproj/LaunchScreen.storyboard; sourceTree = "<group>"; };
		BBB8E3B620491FC700558576 /* Info.plist */ = {isa = PBXFileReference; lastKnownFileType = text.plist.xml; path = Info.plist; sourceTree = "<group>"; };
/* End PBXFileReference section */

/* Begin PBXFrameworksBuildPhase section */
		BBB8E3A420491FC700558576 /* Frameworks */ = {
			isa = PBXFrameworksBuildPhase;
			buildActionMask = 2147483647;
			files = (
			);
			runOnlyForDeploymentPostprocessing = 0;
		};
/* End PBXFrameworksBuildPhase section */

/* Begin PBXGroup section */
		BB7F28C320493EAB005DACC1 /* View */ = {
			isa = PBXGroup;
			children = (
			);
			path = View;
			sourceTree = "<group>";
		};
		BB7F28C420493EAB005DACC1 /* Controller */ = {
			isa = PBXGroup;
			children = (
			);
			path = Controller;
			sourceTree = "<group>";
		};
		BB7F28C520493EAB005DACC1 /* Model */ = {
			isa = PBXGroup;
			children = (
			);
			path = Model;
			sourceTree = "<group>";
		};
		BBB8E39E20491FC700558576 = {
			isa = PBXGroup;
			children = (
				BBB8E3A920491FC700558576 /* DY */,
				BBB8E3A820491FC700558576 /* Products */,
			);
			sourceTree = "<group>";
		};
		BBB8E3A820491FC700558576 /* Products */ = {
			isa = PBXGroup;
			children = (
				BBB8E3A720491FC700558576 /* DY.app */,
			);
			name = Products;
			sourceTree = "<group>";
		};
		BBB8E3A920491FC700558576 /* DY */ = {
			isa = PBXGroup;
			children = (
				BBB8E3BC204920D600558576 /* Classes */,
				BBB8E3AA20491FC700558576 /* AppDelegate.swift */,
				BBB8E3B120491FC700558576 /* Assets.xcassets */,
				BBB8E3B320491FC700558576 /* LaunchScreen.storyboard */,
				BBB8E3B620491FC700558576 /* Info.plist */,
			);
			path = DY;
			sourceTree = "<group>";
		};
		BBB8E3BC204920D600558576 /* Classes */ = {
			isa = PBXGroup;
			children = (
				BBB8E3C0204920D600558576 /* Main */,
				BBB8E3BE204920D600558576 /* Home */,
				BBB8E3BF204920D600558576 /* Live */,
				BBB8E3BD204920D600558576 /* Follow */,
				BBB8E3C1204920D600558576 /* Profile */,
				BBB8E3C2204920D600558576 /* Tools */,
			);
			path = Classes;
			sourceTree = "<group>";
		};
		BBB8E3BD204920D600558576 /* Follow */ = {
			isa = PBXGroup;
			children = (
				BB7F28C820493FD8005DACC1 /* Follow.storyboard */,
			);
			path = Follow;
			sourceTree = "<group>";
		};
		BBB8E3BE204920D600558576 /* Home */ = {
			isa = PBXGroup;
			children = (
				BB7F28C420493EAB005DACC1 /* Controller */,
				BB7F28C520493EAB005DACC1 /* Model */,
				BB7F28C320493EAB005DACC1 /* View */,
				BB7F28C620493F7E005DACC1 /* Home.storyboard */,
			);
			path = Home;
			sourceTree = "<group>";
		};
		BBB8E3BF204920D600558576 /* Live */ = {
			isa = PBXGroup;
			children = (
				BB7F28BA20493344005DACC1 /* Live.storyboard */,
			);
			path = Live;
			sourceTree = "<group>";
		};
		BBB8E3C0204920D600558576 /* Main */ = {
			isa = PBXGroup;
			children = (
				BBB8E3AE20491FC700558576 /* Main.storyboard */,
				BB7F28C12049398C005DACC1 /* MainViewController.swift */,
			);
			path = Main;
			sourceTree = "<group>";
		};
		BBB8E3C1204920D600558576 /* Profile */ = {
			isa = PBXGroup;
			children = (
				BB7F28BF2049335F005DACC1 /* Profile.storyboard */,
			);
			path = Profile;
			sourceTree = "<group>";
		};
		BBB8E3C2204920D600558576 /* Tools */ = {
			isa = PBXGroup;
			children = (
			);
			path = Tools;
			sourceTree = "<group>";
		};
/* End PBXGroup section */

/* Begin PBXNativeTarget section */
		BBB8E3A620491FC700558576 /* DY */ = {
			isa = PBXNativeTarget;
			buildConfigurationList = BBB8E3B920491FC700558576 /* Build configuration list for PBXNativeTarget "DY" */;
			buildPhases = (
				BBB8E3A320491FC700558576 /* Sources */,
				BBB8E3A420491FC700558576 /* Frameworks */,
				BBB8E3A520491FC700558576 /* Resources */,
			);
			buildRules = (
			);
			dependencies = (
			);
			name = DY;
			productName = DY;
			productReference = BBB8E3A720491FC700558576 /* DY.app */;
			productType = "com.apple.product-type.application";
		};
/* End PBXNativeTarget section */

/* Begin PBXProject section */
		BBB8E39F20491FC700558576 /* Project object */ = {
			isa = PBXProject;
			attributes = {
				LastSwiftUpdateCheck = 0920;
				LastUpgradeCheck = 0920;
				ORGANIZATIONNAME = com;
				TargetAttributes = {
					BBB8E3A620491FC700558576 = {
						CreatedOnToolsVersion = 9.2;
						ProvisioningStyle = Automatic;
					};
				};
			};
			buildConfigurationList = BBB8E3A220491FC700558576 /* Build configuration list for PBXProject "DY" */;
			compatibilityVersion = "Xcode 8.0";
			developmentRegion = en;
			hasScannedForEncodings = 0;
			knownRegions = (
				en,
				Base,
			);
			mainGroup = BBB8E39E20491FC700558576;
			productRefGroup = BBB8E3A820491FC700558576 /* Products */;
			projectDirPath = "";
			projectRoot = "";
			targets = (
				BBB8E3A620491FC700558576 /* DY */,
			);
		};
/* End PBXProject section */

/* Begin PBXResourcesBuildPhase section */
		BBB8E3A520491FC700558576 /* Resources */ = {
			isa = PBXResourcesBuildPhase;
			buildActionMask = 2147483647;
			files = (
				BBB8E3B520491FC700558576 /* LaunchScreen.storyboard in Resources */,
				BBB8E3B220491FC700558576 /* Assets.xcassets in Resources */,
				BBB8E3B020491FC700558576 /* Main.storyboard in Resources */,
				BB7F28C920493FD8005DACC1 /* Follow.storyboard in Resources */,
				BB7F28BB20493344005DACC1 /* Live.storyboard in Resources */,
				BB7F28C02049335F005DACC1 /* Profile.storyboard in Resources */,
				BB7F28C720493F7E005DACC1 /* Home.storyboard in Resources */,
			);
			runOnlyForDeploymentPostprocessing = 0;
		};
/* End PBXResourcesBuildPhase section */

/* Begin PBXSourcesBuildPhase section */
		BBB8E3A320491FC700558576 /* Sources */ = {
			isa = PBXSourcesBuildPhase;
			buildActionMask = 2147483647;
			files = (
				BBB8E3AB20491FC700558576 /* AppDelegate.swift in Sources */,
				BB7F28C22049398C005DACC1 /* MainViewController.swift in Sources */,
			);
			runOnlyForDeploymentPostprocessing = 0;
		};
/* End PBXSourcesBuildPhase section */

/* Begin PBXVariantGroup section */
		BBB8E3AE20491FC700558576 /* Main.storyboard */ = {
			isa = PBXVariantGroup;
			children = (
				BBB8E3AF20491FC700558576 /* Base */,
			);
			name = Main.storyboard;
			sourceTree = "<group>";
		};
		BBB8E3B320491FC700558576 /* LaunchScreen.storyboard */ = {
			isa = PBXVariantGroup;
			children = (
				BBB8E3B420491FC700558576 /* Base */,
			);
			name = LaunchScreen.storyboard;
			sourceTree = "<group>";
		};
/* End PBXVariantGroup section */

/* Begin XCBuildConfiguration section */
		BBB8E3B720491FC700558576 /* Debug */ = {
			isa = XCBuildConfiguration;
			buildSettings = {
				ALWAYS_SEARCH_USER_PATHS = NO;
				CLANG_ANALYZER_NONNULL = YES;
				CLANG_ANALYZER_NUMBER_OBJECT_CONVERSION = YES_AGGRESSIVE;
				CLANG_CXX_LANGUAGE_STANDARD = "gnu++14";
				CLANG_CXX_LIBRARY = "libc++";
				CLANG_ENABLE_MODULES = YES;
				CLANG_ENABLE_OBJC_ARC = YES;
				CLANG_WARN_BLOCK_CAPTURE_AUTORELEASING = YES;
				CLANG_WARN_BOOL_CONVERSION = YES;
				CLANG_WARN_COMMA = YES;
				CLANG_WARN_CONSTANT_CONVERSION = YES;
				CLANG_WARN_DIRECT_OBJC_ISA_USAGE = YES_ERROR;
				CLANG_WARN_DOCUMENTATION_COMMENTS = YES;
				CLANG_WARN_EMPTY_BODY = YES;
				CLANG_WARN_ENUM_CONVERSION = YES;
				CLANG_WARN_INFINITE_RECURSION = YES;
				CLANG_WARN_INT_CONVERSION = YES;
				CLANG_WARN_NON_LITERAL_NULL_CONVERSION = YES;
				CLANG_WARN_OBJC_LITERAL_CONVERSION = YES;
				CLANG_WARN_OBJC_ROOT_CLASS = YES_ERROR;
				CLANG_WARN_RANGE_LOOP_ANALYSIS = YES;
				CLANG_WARN_STRICT_PROTOTYPES = YES;
				CLANG_WARN_SUSPICIOUS_MOVE = YES;
				CLANG_WARN_UNGUARDED_AVAILABILITY = YES_AGGRESSIVE;
				CLANG_WARN_UNREACHABLE_CODE = YES;
				CLANG_WARN__DUPLICATE_METHOD_MATCH = YES;
				CODE_SIGN_IDENTITY = "iPhone Developer";
				COPY_PHASE_STRIP = NO;
				DEBUG_INFORMATION_FORMAT = dwarf;
				ENABLE_STRICT_OBJC_MSGSEND = YES;
				ENABLE_TESTABILITY = YES;
				GCC_C_LANGUAGE_STANDARD = gnu11;
				GCC_DYNAMIC_NO_PIC = NO;
				GCC_NO_COMMON_BLOCKS = YES;
				GCC_OPTIMIZATION_LEVEL = 0;
				GCC_PREPROCESSOR_DEFINITIONS = (
					"DEBUG=1",
					"$(inherited)",
				);
				GCC_WARN_64_TO_32_BIT_CONVERSION = YES;
				GCC_WARN_ABOUT_RETURN_TYPE = YES_ERROR;
				GCC_WARN_UNDECLARED_SELECTOR = YES;
				GCC_WARN_UNINITIALIZED_AUTOS = YES_AGGRESSIVE;
				GCC_WARN_UNUSED_FUNCTION = YES;
				GCC_WARN_UNUSED_VARIABLE = YES;
				IPHONEOS_DEPLOYMENT_TARGET = 11.2;
				MTL_ENABLE_DEBUG_INFO = YES;
				ONLY_ACTIVE_ARCH = YES;
				SDKROOT = iphoneos;
				SWIFT_ACTIVE_COMPILATION_CONDITIONS = DEBUG;
				SWIFT_OPTIMIZATION_LEVEL = "-Onone";
			};
			name = Debug;
		};
		BBB8E3B820491FC700558576 /* Release */ = {
			isa = XCBuildConfiguration;
			buildSettings = {
				ALWAYS_SEARCH_USER_PATHS = NO;
				CLANG_ANALYZER_NONNULL = YES;
				CLANG_ANALYZER_NUMBER_OBJECT_CONVERSION = YES_AGGRESSIVE;
				CLANG_CXX_LANGUAGE_STANDARD = "gnu++14";
				CLANG_CXX_LIBRARY = "libc++";
				CLANG_ENABLE_MODULES = YES;
				CLANG_ENABLE_OBJC_ARC = YES;
				CLANG_WARN_BLOCK_CAPTURE_AUTORELEASING = YES;
				CLANG_WARN_BOOL_CONVERSION = YES;
				CLANG_WARN_COMMA = YES;
				CLANG_WARN_CONSTANT_CONVERSION = YES;
				CLANG_WARN_DIRECT_OBJC_ISA_USAGE = YES_ERROR;
				CLANG_WARN_DOCUMENTATION_COMMENTS = YES;
				CLANG_WARN_EMPTY_BODY = YES;
				CLANG_WARN_ENUM_CONVERSION = YES;
				CLANG_WARN_INFINITE_RECURSION = YES;
				CLANG_WARN_INT_CONVERSION = YES;
				CLANG_WARN_NON_LITERAL_NULL_CONVERSION = YES;
				CLANG_WARN_OBJC_LITERAL_CONVERSION = YES;
				CLANG_WARN_OBJC_ROOT_CLASS = YES_ERROR;
				CLANG_WARN_RANGE_LOOP_ANALYSIS = YES;
				CLANG_WARN_STRICT_PROTOTYPES = YES;
				CLANG_WARN_SUSPICIOUS_MOVE = YES;
				CLANG_WARN_UNGUARDED_AVAILABILITY = YES_AGGRESSIVE;
				CLANG_WARN_UNREACHABLE_CODE = YES;
				CLANG_WARN__DUPLICATE_METHOD_MATCH = YES;
				CODE_SIGN_IDENTITY = "iPhone Developer";
				COPY_PHASE_STRIP = NO;
				DEBUG_INFORMATION_FORMAT = "dwarf-with-dsym";
				ENABLE_NS_ASSERTIONS = NO;
				ENABLE_STRICT_OBJC_MSGSEND = YES;
				GCC_C_LANGUAGE_STANDARD = gnu11;
				GCC_NO_COMMON_BLOCKS = YES;
				GCC_WARN_64_TO_32_BIT_CONVERSION = YES;
				GCC_WARN_ABOUT_RETURN_TYPE = YES_ERROR;
				GCC_WARN_UNDECLARED_SELECTOR = YES;
				GCC_WARN_UNINITIALIZED_AUTOS = YES_AGGRESSIVE;
				GCC_WARN_UNUSED_FUNCTION = YES;
				GCC_WARN_UNUSED_VARIABLE = YES;
				IPHONEOS_DEPLOYMENT_TARGET = 11.2;
				MTL_ENABLE_DEBUG_INFO = NO;
				SDKROOT = iphoneos;
				SWIFT_OPTIMIZATION_LEVEL = "-Owholemodule";
				VALIDATE_PRODUCT = YES;
			};
			name = Release;
		};
		BBB8E3BA20491FC700558576 /* Debug */ = {
			isa = XCBuildConfiguration;
			buildSettings = {
				ASSETCATALOG_COMPILER_APPICON_NAME = AppIcon;
				ASSETCATALOG_COMPILER_LAUNCHIMAGE_NAME = LaunchImage;
				CODE_SIGN_STYLE = Automatic;
				DEVELOPMENT_TEAM = 584BL9T4N4;
				INFOPLIST_FILE = DY/Info.plist;
				IPHONEOS_DEPLOYMENT_TARGET = 9.0;
				LD_RUNPATH_SEARCH_PATHS = "$(inherited) @executable_path/Frameworks";
				PRODUCT_BUNDLE_IDENTIFIER = com.matin.DY;
				PRODUCT_NAME = "$(TARGET_NAME)";
				SWIFT_VERSION = 4.0;
				TARGETED_DEVICE_FAMILY = 1;
			};
			name = Debug;
		};
		BBB8E3BB20491FC700558576 /* Release */ = {
			isa = XCBuildConfiguration;
			buildSettings = {
				ASSETCATALOG_COMPILER_APPICON_NAME = AppIcon;
				ASSETCATALOG_COMPILER_LAUNCHIMAGE_NAME = LaunchImage;
				CODE_SIGN_STYLE = Automatic;
				DEVELOPMENT_TEAM = 584BL9T4N4;
				INFOPLIST_FILE = DY/Info.plist;
				IPHONEOS_DEPLOYMENT_TARGET = 9.0;
				LD_RUNPATH_SEARCH_PATHS = "$(inherited) @executable_path/Frameworks";
				PRODUCT_BUNDLE_IDENTIFIER = com.matin.DY;
				PRODUCT_NAME = "$(TARGET_NAME)";
				SWIFT_VERSION = 4.0;
				TARGETED_DEVICE_FAMILY = 1;
			};
			name = Release;
		};
/* End XCBuildConfiguration section */

/* Begin XCConfigurationList section */
		BBB8E3A220491FC700558576 /* Build configuration list for PBXProject "DY" */ = {
			isa = XCConfigurationList;
			buildConfigurations = (
				BBB8E3B720491FC700558576 /* Debug */,
				BBB8E3B820491FC700558576 /* Release */,
			);
			defaultConfigurationIsVisible = 0;
			defaultConfigurationName = Release;
		};
		BBB8E3B920491FC700558576 /* Build configuration list for PBXNativeTarget "DY" */ = {
			isa = XCConfigurationList;
			buildConfigurations = (
				BBB8E3BA20491FC700558576 /* Debug */,
				BBB8E3BB20491FC700558576 /* Release */,
			);
			defaultConfigurationIsVisible = 0;
			defaultConfigurationName = Release;
		};
/* End XCConfigurationList section */
	};
	rootObject = BBB8E39F20491FC700558576 /* Project object */;
}
